
Microsoft Visual Studio Solution File, Format Version 12.00
# Visual Studio Version 17
VisualStudioVersion = 17.3.32929.385
MinimumVisualStudioVersion = 10.0.40219.1
Project("{9A19103F-16F7-4668-BE54-9A1E7A4F7556}") = "BFME1", "BFME1\BFME1.csproj", "{80B8945F-2EB8-4D57-8419-EC5FE6ABDDFE}"
EndProject
Project("{9A19103F-16F7-4668-BE54-9A1E7A4F7556}") = "Helper", "Helper\Helper.csproj", "{CF16109E-6D9B-4237-BAB8-EF6C5179BC39}"
EndProject
Project("{9A19103F-16F7-4668-BE54-9A1E7A4F7556}") = "Restarter", "Restarter\Restarter.csproj", "{07EE3FFD-908D-4D53-A40D-681199244D95}"
EndProject
Project("{9A19103F-16F7-4668-BE54-9A1E7A4F7556}") = "BFME2", "BFME2\BFME2.csproj", "{C3FFEE74-F838-4E6D-93AA-528F34329BB6}"
EndProject
Project("{9A19103F-16F7-4668-BE54-9A1E7A4F7556}") = "BFME25", "BFME25\BFME25.csproj", "{90A1784A-F148-425D-8B8C-4D02CEDEB0AA}"
EndProject
Project("{9A19103F-16F7-4668-BE54-9A1E7A4F7556}") = "LauncherGUI", "LauncherGUI\LauncherGUI.csproj", "{D710B848-4DB8-4828-A8E0-A0EC61A65939}"
EndProject
Project("{9A19103F-16F7-4668-BE54-9A1E7A4F7556}") = "LauncherDriver", "LauncherDriver\LauncherDriver.csproj", "{6CFB2537-5686-4FD4-90EA-7F31A9E443DB}"
EndProject
Project("{9A19103F-16F7-4668-BE54-9A1E7A4F7556}") = "BFMECompetetiveArena_WorkshopKit", "..\BFMECompetetiveArena\src\BFMECompetetiveArena_WorkshopKit\BFMECompetetiveArena_WorkshopKit.csproj", "{5A8E3BDE-F22B-4B10-A64E-763E61D95DA8}"
EndProject
Global
	GlobalSection(SolutionConfigurationPlatforms) = preSolution
		Debug|Any CPU = Debug|Any CPU
		Release|Any CPU = Release|Any CPU
	EndGlobalSection
	GlobalSection(ProjectConfigurationPlatforms) = postSolution
		{80B8945F-2EB8-4D57-8419-EC5FE6ABDDFE}.Debug|Any CPU.ActiveCfg = Debug|Any CPU
		{80B8945F-2EB8-4D57-8419-EC5FE6ABDDFE}.Debug|Any CPU.Build.0 = Debug|Any CPU
		{80B8945F-2EB8-4D57-8419-EC5FE6ABDDFE}.Release|Any CPU.ActiveCfg = Release|Any CPU
		{80B8945F-2EB8-4D57-8419-EC5FE6ABDDFE}.Release|Any CPU.Build.0 = Release|Any CPU
		{CF16109E-6D9B-4237-BAB8-EF6C5179BC39}.Debug|Any CPU.ActiveCfg = Debug|Any CPU
		{CF16109E-6D9B-4237-BAB8-EF6C5179BC39}.Debug|Any CPU.Build.0 = Debug|Any CPU
		{CF16109E-6D9B-4237-BAB8-EF6C5179BC39}.Release|Any CPU.ActiveCfg = Release|Any CPU
		{CF16109E-6D9B-4237-BAB8-EF6C5179BC39}.Release|Any CPU.Build.0 = Release|Any CPU
		{07EE3FFD-908D-4D53-A40D-681199244D95}.Debug|Any CPU.ActiveCfg = Debug|Any CPU
		{07EE3FFD-908D-4D53-A40D-681199244D95}.Debug|Any CPU.Build.0 = Debug|Any CPU
		{07EE3FFD-908D-4D53-A40D-681199244D95}.Release|Any CPU.ActiveCfg = Release|Any CPU
		{07EE3FFD-908D-4D53-A40D-681199244D95}.Release|Any CPU.Build.0 = Release|Any CPU
		{C3FFEE74-F838-4E6D-93AA-528F34329BB6}.Debug|Any CPU.ActiveCfg = Debug|Any CPU
		{C3FFEE74-F838-4E6D-93AA-528F34329BB6}.Debug|Any CPU.Build.0 = Debug|Any CPU
		{C3FFEE74-F838-4E6D-93AA-528F34329BB6}.Release|Any CPU.ActiveCfg = Release|Any CPU
		{C3FFEE74-F838-4E6D-93AA-528F34329BB6}.Release|Any CPU.Build.0 = Release|Any CPU
		{90A1784A-F148-425D-8B8C-4D02CEDEB0AA}.Debug|Any CPU.ActiveCfg = Debug|Any CPU
		{90A1784A-F148-425D-8B8C-4D02CEDEB0AA}.Debug|Any CPU.Build.0 = Debug|Any CPU
		{90A1784A-F148-425D-8B8C-4D02CEDEB0AA}.Release|Any CPU.ActiveCfg = Release|Any CPU
		{90A1784A-F148-425D-8B8C-4D02CEDEB0AA}.Release|Any CPU.Build.0 = Release|Any CPU
		{D710B848-4DB8-4828-A8E0-A0EC61A65939}.Debug|Any CPU.ActiveCfg = Debug|Any CPU
		{D710B848-4DB8-4828-A8E0-A0EC61A65939}.Debug|Any CPU.Build.0 = Debug|Any CPU
		{D710B848-4DB8-4828-A8E0-A0EC61A65939}.Release|Any CPU.ActiveCfg = Release|Any CPU
		{D710B848-4DB8-4828-A8E0-A0EC61A65939}.Release|Any CPU.Build.0 = Release|Any CPU
		{6CFB2537-5686-4FD4-90EA-7F31A9E443DB}.Debug|Any CPU.ActiveCfg = Debug|Any CPU
		{6CFB2537-5686-4FD4-90EA-7F31A9E443DB}.Debug|Any CPU.Build.0 = Debug|Any CPU
		{6CFB2537-5686-4FD4-90EA-7F31A9E443DB}.Release|Any CPU.ActiveCfg = Release|Any CPU
		{6CFB2537-5686-4FD4-90EA-7F31A9E443DB}.Release|Any CPU.Build.0 = Release|Any CPU
		{5A8E3BDE-F22B-4B10-A64E-763E61D95DA8}.Debug|Any CPU.ActiveCfg = Debug|Any CPU
		{5A8E3BDE-F22B-4B10-A64E-763E61D95DA8}.Debug|Any CPU.Build.0 = Debug|Any CPU
		{5A8E3BDE-F22B-4B10-A64E-763E61D95DA8}.Release|Any CPU.ActiveCfg = Release|Any CPU
		{5A8E3BDE-F22B-4B10-A64E-763E61D95DA8}.Release|Any CPU.Build.0 = Release|Any CPU
	EndGlobalSection
	GlobalSection(SolutionProperties) = preSolution
		HideSolutionNode = FALSE
	EndGlobalSection
	GlobalSection(ExtensibilityGlobals) = postSolution
		SolutionGuid = {8F62D7E9-7CC8-485E-A7D5-9731D3C7D2AC}
	EndGlobalSection
EndGlobal
